<?xml version="1.0" encoding="UTF-8"?>
<Scheme
   version = "1.3">
   <BuildAction>
      <BuildActionEntries>
         <BuildActionEntry
            buildForRunning = "YES">
            <BuildableReference
               BuildableIdentifier = "primary"
               BlueprintIdentifier = "40F2B626291C5B0100D4EB9D"
               BuildableName = "scrumdinger.app"
               BlueprintName = "scrumdinger"
               ReferencedContainer = "container:scrumdinger.xcodeproj">
            </BuildableReference>
         </BuildActionEntry>
      </BuildActionEntries>
   </BuildAction>
   <LaunchAction
      useCustomWorkingDirectory = "NO"
      buildConfiguration = "Debug"
      allowLocationSimulation = "YES">
      <BuildableProductRunnable>
         <BuildableReference
            BuildableIdentifier = "primary"
            BlueprintIdentifier = "40F2B626291C5B0100D4EB9D"
            BuildableName = "scrumdinger.app"
            BlueprintName = "scrumdinger"
            ReferencedContainer = "container:scrumdinger.xcodeproj">
         </BuildableReference>
      </BuildableProductRunnable>
   </LaunchAction>
</Scheme>
