// !$*UTF8*$!
{
	archiveVersion = 1;
	classes = {
	};
	objectVersion = 56;
	objects = {

/* Begin PBXBuildFile section */
		407DA806291DAA13001D4C86 /* DetailView.swift in Sources */ = {isa = PBXBuildFile; fileRef = 407DA805291DAA13001D4C86 /* DetailView.swift */; };
		40F2B62B291C5B0100D4EB9D /* scrumdingerApp.swift in Sources */ = {isa = PBXBuildFile; fileRef = 40F2B62A291C5B0100D4EB9D /* scrumdingerApp.swift */; };
		40F2B62D291C5B0100D4EB9D /* MeetingView.swift in Sources */ = {isa = PBXBuildFile; fileRef = 40F2B62C291C5B0100D4EB9D /* MeetingView.swift */; };
		40F2B62F291C5B0300D4EB9D /* Assets.xcassets in Resources */ = {isa = PBXBuildFile; fileRef = 40F2B62E291C5B0300D4EB9D /* Assets.xcassets */; };
		40F2B632291C5B0300D4EB9D /* Preview Assets.xcassets in Resources */ = {isa = PBXBuildFile; fileRef = 40F2B631291C5B0300D4EB9D /* Preview Assets.xcassets */; };
		40F2B63C291C5B0300D4EB9D /* scrumdingerTests.swift in Sources */ = {isa = PBXBuildFile; fileRef = 40F2B63B291C5B0300D4EB9D /* scrumdingerTests.swift */; };
		40F2B646291C5B0300D4EB9D /* scrumdingerUITests.swift in Sources */ = {isa = PBXBuildFile; fileRef = 40F2B645291C5B0300D4EB9D /* scrumdingerUITests.swift */; };
		40F2B648291C5B0300D4EB9D /* scrumdingerUITestsLaunchTests.swift in Sources */ = {isa = PBXBuildFile; fileRef = 40F2B647291C5B0300D4EB9D /* scrumdingerUITestsLaunchTests.swift */; };
		40F2B656291C6B6E00D4EB9D /* Theme.swift in Sources */ = {isa = PBXBuildFile; fileRef = 40F2B655291C6B6E00D4EB9D /* Theme.swift */; };
		40F2B658291C701500D4EB9D /* DailyScrum.swift in Sources */ = {isa = PBXBuildFile; fileRef = 40F2B657291C701400D4EB9D /* DailyScrum.swift */; };
		40F2B65A291C753000D4EB9D /* CardView.swift in Sources */ = {isa = PBXBuildFile; fileRef = 40F2B659291C753000D4EB9D /* CardView.swift */; };
		40F2B65C291C8FC600D4EB9D /* TrailingIconLabelStyle.swift in Sources */ = {isa = PBXBuildFile; fileRef = 40F2B65B291C8FC600D4EB9D /* TrailingIconLabelStyle.swift */; };
		40F2B65E291C93D900D4EB9D /* ScrumsView.swift in Sources */ = {isa = PBXBuildFile; fileRef = 40F2B65D291C93D900D4EB9D /* ScrumsView.swift */; };
/* End PBXBuildFile section */

/* Begin PBXContainerItemProxy section */
		40F2B638291C5B0300D4EB9D /* PBXContainerItemProxy */ = {
			isa = PBXContainerItemProxy;
			containerPortal = 40F2B61F291C5B0100D4EB9D /* Project object */;
			proxyType = 1;
			remoteGlobalIDString = 40F2B626291C5B0100D4EB9D;
			remoteInfo = scrumdinger;
		};
		40F2B642291C5B0300D4EB9D /* PBXContainerItemProxy */ = {
			isa = PBXContainerItemProxy;
			containerPortal = 40F2B61F291C5B0100D4EB9D /* Project object */;
			proxyType = 1;
			remoteGlobalIDString = 40F2B626291C5B0100D4EB9D;
			remoteInfo = scrumdinger;
		};
/* End PBXContainerItemProxy section */

/* Begin PBXFileReference section */
		407DA805291DAA13001D4C86 /* DetailView.swift */ = {isa = PBXFileReference; lastKnownFileType = sourcecode.swift; path = DetailView.swift; sourceTree = "<group>"; };
		40F2B627291C5B0100D4EB9D /* scrumdinger.app */ = {isa = PBXFileReference; explicitFileType = wrapper.application; includeInIndex = 0; path = scrumdinger.app; sourceTree = BUILT_PRODUCTS_DIR; };
		40F2B62A291C5B0100D4EB9D /* scrumdingerApp.swift */ = {isa = PBXFileReference; lastKnownFileType = sourcecode.swift; path = scrumdingerApp.swift; sourceTree = "<group>"; };
		40F2B62C291C5B0100D4EB9D /* MeetingView.swift */ = {isa = PBXFileReference; lastKnownFileType = sourcecode.swift; path = MeetingView.swift; sourceTree = "<group>"; };
		40F2B62E291C5B0300D4EB9D /* Assets.xcassets */ = {isa = PBXFileReference; lastKnownFileType = folder.assetcatalog; path = Assets.xcassets; sourceTree = "<group>"; };
		40F2B631291C5B0300D4EB9D /* Preview Assets.xcassets */ = {isa = PBXFileReference; lastKnownFileType = folder.assetcatalog; path = "Preview Assets.xcassets"; sourceTree = "<group>"; };
		40F2B637291C5B0300D4EB9D /* scrumdingerTests.xctest */ = {isa = PBXFileReference; explicitFileType = wrapper.cfbundle; includeInIndex = 0; path = scrumdingerTests.xctest; sourceTree = BUILT_PRODUCTS_DIR; };
		40F2B63B291C5B0300D4EB9D /* scrumdingerTests.swift */ = {isa = PBXFileReference; lastKnownFileType = sourcecode.swift; path = scrumdingerTests.swift; sourceTree = "<group>"; };
		40F2B641291C5B0300D4EB9D /* scrumdingerUITests.xctest */ = {isa = PBXFileReference; explicitFileType = wrapper.cfbundle; includeInIndex = 0; path = scrumdingerUITests.xctest; sourceTree = BUILT_PRODUCTS_DIR; };
		40F2B645291C5B0300D4EB9D /* scrumdingerUITests.swift */ = {isa = PBXFileReference; lastKnownFileType = sourcecode.swift; path = scrumdingerUITests.swift; sourceTree = "<group>"; };
		40F2B647291C5B0300D4EB9D /* scrumdingerUITestsLaunchTests.swift */ = {isa = PBXFileReference; lastKnownFileType = sourcecode.swift; path = scrumdingerUITestsLaunchTests.swift; sourceTree = "<group>"; };
		40F2B655291C6B6E00D4EB9D /* Theme.swift */ = {isa = PBXFileReference; lastKnownFileType = sourcecode.swift; path = Theme.swift; sourceTree = "<group>"; };
		40F2B657291C701400D4EB9D /* DailyScrum.swift */ = {isa = PBXFileReference; lastKnownFileType = sourcecode.swift; path = DailyScrum.swift; sourceTree = "<group>"; };
		40F2B659291C753000D4EB9D /* CardView.swift */ = {isa = PBXFileReference; lastKnownFileType = sourcecode.swift; path = CardView.swift; sourceTree = "<group>"; };
		40F2B65B291C8FC600D4EB9D /* TrailingIconLabelStyle.swift */ = {isa = PBXFileReference; lastKnownFileType = sourcecode.swift; path = TrailingIconLabelStyle.swift; sourceTree = "<group>"; };
		40F2B65D291C93D900D4EB9D /* ScrumsView.swift */ = {isa = PBXFileReference; lastKnownFileType = sourcecode.swift; path = ScrumsView.swift; sourceTree = "<group>"; };
/* End PBXFileReference section */

/* Begin PBXFrameworksBuildPhase section */
		40F2B624291C5B0100D4EB9D /* Frameworks */ = {
			isa = PBXFrameworksBuildPhase;
			buildActionMask = 2147483647;
			files = (
			);
			runOnlyForDeploymentPostprocessing = 0;
		};
		40F2B634291C5B0300D4EB9D /* Frameworks */ = {
			isa = PBXFrameworksBuildPhase;
			buildActionMask = 2147483647;
			files = (
			);
			runOnlyForDeploymentPostprocessing = 0;
		};
		40F2B63E291C5B0300D4EB9D /* Frameworks */ = {
			isa = PBXFrameworksBuildPhase;
			buildActionMask = 2147483647;
			files = (
			);
			runOnlyForDeploymentPostprocessing = 0;
		};
/* End PBXFrameworksBuildPhase section */

/* Begin PBXGroup section */
		40F2B61E291C5B0100D4EB9D = {
			isa = PBXGroup;
			children = (
				40F2B629291C5B0100D4EB9D /* scrumdinger */,
				40F2B63A291C5B0300D4EB9D /* scrumdingerTests */,
				40F2B644291C5B0300D4EB9D /* scrumdingerUITests */,
				40F2B628291C5B0100D4EB9D /* Products */,
			);
			sourceTree = "<group>";
		};
		40F2B628291C5B0100D4EB9D /* Products */ = {
			isa = PBXGroup;
			children = (
				40F2B627291C5B0100D4EB9D /* scrumdinger.app */,
				40F2B637291C5B0300D4EB9D /* scrumdingerTests.xctest */,
				40F2B641291C5B0300D4EB9D /* scrumdingerUITests.xctest */,
			);
			name = Products;
			sourceTree = "<group>";
		};
		40F2B629291C5B0100D4EB9D /* scrumdinger */ = {
			isa = PBXGroup;
			children = (
				40F2B654291C6B4700D4EB9D /* Models */,
				40F2B62A291C5B0100D4EB9D /* scrumdingerApp.swift */,
				40F2B62C291C5B0100D4EB9D /* MeetingView.swift */,
				40F2B62E291C5B0300D4EB9D /* Assets.xcassets */,
				40F2B630291C5B0300D4EB9D /* Preview Content */,
				40F2B659291C753000D4EB9D /* CardView.swift */,
				40F2B65B291C8FC600D4EB9D /* TrailingIconLabelStyle.swift */,
				40F2B65D291C93D900D4EB9D /* ScrumsView.swift */,
				407DA805291DAA13001D4C86 /* DetailView.swift */,
			);
			path = scrumdinger;
			sourceTree = "<group>";
		};
		40F2B630291C5B0300D4EB9D /* Preview Content */ = {
			isa = PBXGroup;
			children = (
				40F2B631291C5B0300D4EB9D /* Preview Assets.xcassets */,
			);
			path = "Preview Content";
			sourceTree = "<group>";
		};
		40F2B63A291C5B0300D4EB9D /* scrumdingerTests */ = {
			isa = PBXGroup;
			children = (
				40F2B63B291C5B0300D4EB9D /* scrumdingerTests.swift */,
			);
			path = scrumdingerTests;
			sourceTree = "<group>";
		};
		40F2B644291C5B0300D4EB9D /* scrumdingerUITests */ = {
			isa = PBXGroup;
			children = (
				40F2B645291C5B0300D4EB9D /* scrumdingerUITests.swift */,
				40F2B647291C5B0300D4EB9D /* scrumdingerUITestsLaunchTests.swift */,
			);
			path = scrumdingerUITests;
			sourceTree = "<group>";
		};
		40F2B654291C6B4700D4EB9D /* Models */ = {
			isa = PBXGroup;
			children = (
				40F2B655291C6B6E00D4EB9D /* Theme.swift */,
				40F2B657291C701400D4EB9D /* DailyScrum.swift */,
			);
			path = Models;
			sourceTree = "<group>";
		};
/* End PBXGroup section */

/* Begin PBXNativeTarget section */
		40F2B626291C5B0100D4EB9D /* scrumdinger */ = {
			isa = PBXNativeTarget;
			buildConfigurationList = 40F2B64B291C5B0300D4EB9D /* Build configuration list for PBXNativeTarget "scrumdinger" */;
			buildPhases = (
				40F2B623291C5B0100D4EB9D /* Sources */,
				40F2B624291C5B0100D4EB9D /* Frameworks */,
				40F2B625291C5B0100D4EB9D /* Resources */,
			);
			buildRules = (
			);
			dependencies = (
			);
			name = scrumdinger;
			productName = scrumdinger;
			productReference = 40F2B627291C5B0100D4EB9D /* scrumdinger.app */;
			productType = "com.apple.product-type.application";
		};
		40F2B636291C5B0300D4EB9D /* scrumdingerTests */ = {
			isa = PBXNativeTarget;
			buildConfigurationList = 40F2B64E291C5B0300D4EB9D /* Build configuration list for PBXNativeTarget "scrumdingerTests" */;
			buildPhases = (
				40F2B633291C5B0300D4EB9D /* Sources */,
				40F2B634291C5B0300D4EB9D /* Frameworks */,
				40F2B635291C5B0300D4EB9D /* Resources */,
			);
			buildRules = (
			);
			dependencies = (
				40F2B639291C5B0300D4EB9D /* PBXTargetDependency */,
			);
			name = scrumdingerTests;
			productName = scrumdingerTests;
			productReference = 40F2B637291C5B0300D4EB9D /* scrumdingerTests.xctest */;
			productType = "com.apple.product-type.bundle.unit-test";
		};
		40F2B640291C5B0300D4EB9D /* scrumdingerUITests */ = {
			isa = PBXNativeTarget;
			buildConfigurationList = 40F2B651291C5B0300D4EB9D /* Build configuration list for PBXNativeTarget "scrumdingerUITests" */;
			buildPhases = (
				40F2B63D291C5B0300D4EB9D /* Sources */,
				40F2B63E291C5B0300D4EB9D /* Frameworks */,
				40F2B63F291C5B0300D4EB9D /* Resources */,
			);
			buildRules = (
			);
			dependencies = (
				40F2B643291C5B0300D4EB9D /* PBXTargetDependency */,
			);
			name = scrumdingerUITests;
			productName = scrumdingerUITests;
			productReference = 40F2B641291C5B0300D4EB9D /* scrumdingerUITests.xctest */;
			productType = "com.apple.product-type.bundle.ui-testing";
		};
/* End PBXNativeTarget section */

/* Begin PBXProject section */
		40F2B61F291C5B0100D4EB9D /* Project object */ = {
			isa = PBXProject;
			attributes = {
				BuildIndependentTargetsInParallel = 1;
				LastSwiftUpdateCheck = 1410;
				LastUpgradeCheck = 1410;
				TargetAttributes = {
					40F2B626291C5B0100D4EB9D = {
						CreatedOnToolsVersion = 14.1;
					};
					40F2B636291C5B0300D4EB9D = {
						CreatedOnToolsVersion = 14.1;
						TestTargetID = 40F2B626291C5B0100D4EB9D;
					};
					40F2B640291C5B0300D4EB9D = {
						CreatedOnToolsVersion = 14.1;
						TestTargetID = 40F2B626291C5B0100D4EB9D;
					};
				};
			};
			buildConfigurationList = 40F2B622291C5B0100D4EB9D /* Build configuration list for PBXProject "scrumdinger" */;
			compatibilityVersion = "Xcode 14.0";
			developmentRegion = en;
			hasScannedForEncodings = 0;
			knownRegions = (
				en,
				Base,
			);
			mainGroup = 40F2B61E291C5B0100D4EB9D;
			productRefGroup = 40F2B628291C5B0100D4EB9D /* Products */;
			projectDirPath = "";
			projectRoot = "";
			targets = (
				40F2B626291C5B0100D4EB9D /* scrumdinger */,
				40F2B636291C5B0300D4EB9D /* scrumdingerTests */,
				40F2B640291C5B0300D4EB9D /* scrumdingerUITests */,
			);
		};
/* End PBXProject section */

/* Begin PBXResourcesBuildPhase section */
		40F2B625291C5B0100D4EB9D /* Resources */ = {
			isa = PBXResourcesBuildPhase;
			buildActionMask = 2147483647;
			files = (
				40F2B632291C5B0300D4EB9D /* Preview Assets.xcassets in Resources */,
				40F2B62F291C5B0300D4EB9D /* Assets.xcassets in Resources */,
			);
			runOnlyForDeploymentPostprocessing = 0;
		};
		40F2B635291C5B0300D4EB9D /* Resources */ = {
			isa = PBXResourcesBuildPhase;
			buildActionMask = 2147483647;
			files = (
			);
			runOnlyForDeploymentPostprocessing = 0;
		};
		40F2B63F291C5B0300D4EB9D /* Resources */ = {
			isa = PBXResourcesBuildPhase;
			buildActionMask = 2147483647;
			files = (
			);
			runOnlyForDeploymentPostprocessing = 0;
		};
/* End PBXResourcesBuildPhase section */

/* Begin PBXSourcesBuildPhase section */
		40F2B623291C5B0100D4EB9D /* Sources */ = {
			isa = PBXSourcesBuildPhase;
			buildActionMask = 2147483647;
			files = (
				40F2B658291C701500D4EB9D /* DailyScrum.swift in Sources */,
				407DA806291DAA13001D4C86 /* DetailView.swift in Sources */,
				40F2B65E291C93D900D4EB9D /* ScrumsView.swift in Sources */,
				40F2B65C291C8FC600D4EB9D /* TrailingIconLabelStyle.swift in Sources */,
				40F2B656291C6B6E00D4EB9D /* Theme.swift in Sources */,
				40F2B62D291C5B0100D4EB9D /* MeetingView.swift in Sources */,
				40F2B62B291C5B0100D4EB9D /* scrumdingerApp.swift in Sources */,
				40F2B65A291C753000D4EB9D /* CardView.swift in Sources */,
			);
			runOnlyForDeploymentPostprocessing = 0;
		};
		40F2B633291C5B0300D4EB9D /* Sources */ = {
			isa = PBXSourcesBuildPhase;
			buildActionMask = 2147483647;
			files = (
				40F2B63C291C5B0300D4EB9D /* scrumdingerTests.swift in Sources */,
			);
			runOnlyForDeploymentPostprocessing = 0;
		};
		40F2B63D291C5B0300D4EB9D /* Sources */ = {
			isa = PBXSourcesBuildPhase;
			buildActionMask = 2147483647;
			files = (
				40F2B648291C5B0300D4EB9D /* scrumdingerUITestsLaunchTests.swift in Sources */,
				40F2B646291C5B0300D4EB9D /* scrumdingerUITests.swift in Sources */,
			);
			runOnlyForDeploymentPostprocessing = 0;
		};
/* End PBXSourcesBuildPhase section */

/* Begin PBXTargetDependency section */
		40F2B639291C5B0300D4EB9D /* PBXTargetDependency */ = {
			isa = PBXTargetDependency;
			target = 40F2B626291C5B0100D4EB9D /* scrumdinger */;
			targetProxy = 40F2B638291C5B0300D4EB9D /* PBXContainerItemProxy */;
		};
		40F2B643291C5B0300D4EB9D /* PBXTargetDependency */ = {
			isa = PBXTargetDependency;
			target = 40F2B626291C5B0100D4EB9D /* scrumdinger */;
			targetProxy = 40F2B642291C5B0300D4EB9D /* PBXContainerItemProxy */;
		};
/* End PBXTargetDependency section */

/* Begin XCBuildConfiguration section */
		40F2B649291C5B0300D4EB9D /* Debug */ = {
			isa = XCBuildConfiguration;
			buildSettings = {
				ALWAYS_SEARCH_USER_PATHS = NO;
				CLANG_ANALYZER_NONNULL = YES;
				CLANG_ANALYZER_NUMBER_OBJECT_CONVERSION = YES_AGGRESSIVE;
				CLANG_CXX_LANGUAGE_STANDARD = "gnu++20";
				CLANG_ENABLE_MODULES = YES;
				CLANG_ENABLE_OBJC_ARC = YES;
				CLANG_ENABLE_OBJC_WEAK = YES;
				CLANG_WARN_BLOCK_CAPTURE_AUTORELEASING = YES;
				CLANG_WARN_BOOL_CONVERSION = YES;
				CLANG_WARN_COMMA = YES;
				CLANG_WARN_CONSTANT_CONVERSION = YES;
				CLANG_WARN_DEPRECATED_OBJC_IMPLEMENTATIONS = YES;
				CLANG_WARN_DIRECT_OBJC_ISA_USAGE = YES_ERROR;
				CLANG_WARN_DOCUMENTATION_COMMENTS = YES;
				CLANG_WARN_EMPTY_BODY = YES;
				CLANG_WARN_ENUM_CONVERSION = YES;
				CLANG_WARN_INFINITE_RECURSION = YES;
				CLANG_WARN_INT_CONVERSION = YES;
				CLANG_WARN_NON_LITERAL_NULL_CONVERSION = YES;
				CLANG_WARN_OBJC_IMPLICIT_RETAIN_SELF = YES;
				CLANG_WARN_OBJC_LITERAL_CONVERSION = YES;
				CLANG_WARN_OBJC_ROOT_CLASS = YES_ERROR;
				CLANG_WARN_QUOTED_INCLUDE_IN_FRAMEWORK_HEADER = YES;
				CLANG_WARN_RANGE_LOOP_ANALYSIS = YES;
				CLANG_WARN_STRICT_PROTOTYPES = YES;
				CLANG_WARN_SUSPICIOUS_MOVE = YES;
				CLANG_WARN_UNGUARDED_AVAILABILITY = YES_AGGRESSIVE;
				CLANG_WARN_UNREACHABLE_CODE = YES;
				CLANG_WARN__DUPLICATE_METHOD_MATCH = YES;
				COPY_PHASE_STRIP = NO;
				DEBUG_INFORMATION_FORMAT = dwarf;
				ENABLE_STRICT_OBJC_MSGSEND = YES;
				ENABLE_TESTABILITY = YES;
				GCC_C_LANGUAGE_STANDARD = gnu11;
				GCC_DYNAMIC_NO_PIC = NO;
				GCC_NO_COMMON_BLOCKS = YES;
				GCC_OPTIMIZATION_LEVEL = 0;
				GCC_PREPROCESSOR_DEFINITIONS = (
					"DEBUG=1",
					"$(inherited)",
				);
				GCC_WARN_64_TO_32_BIT_CONVERSION = YES;
				GCC_WARN_ABOUT_RETURN_TYPE = YES_ERROR;
				GCC_WARN_UNDECLARED_SELECTOR = YES;
				GCC_WARN_UNINITIALIZED_AUTOS = YES_AGGRESSIVE;
				GCC_WARN_UNUSED_FUNCTION = YES;
				GCC_WARN_UNUSED_VARIABLE = YES;
				IPHONEOS_DEPLOYMENT_TARGET = 16.1;
				MTL_ENABLE_DEBUG_INFO = INCLUDE_SOURCE;
				MTL_FAST_MATH = YES;
				ONLY_ACTIVE_ARCH = YES;
				SDKROOT = iphoneos;
				SWIFT_ACTIVE_COMPILATION_CONDITIONS = DEBUG;
				SWIFT_OPTIMIZATION_LEVEL = "-Onone";
			};
			name = Debug;
		};
		40F2B64A291C5B0300D4EB9D /* Release */ = {
			isa = XCBuildConfiguration;
			buildSettings = {
				ALWAYS_SEARCH_USER_PATHS = NO;
				CLANG_ANALYZER_NONNULL = YES;
				CLANG_ANALYZER_NUMBER_OBJECT_CONVERSION = YES_AGGRESSIVE;
				CLANG_CXX_LANGUAGE_STANDARD = "gnu++20";
				CLANG_ENABLE_MODULES = YES;
				CLANG_ENABLE_OBJC_ARC = YES;
				CLANG_ENABLE_OBJC_WEAK = YES;
				CLANG_WARN_BLOCK_CAPTURE_AUTORELEASING = YES;
				CLANG_WARN_BOOL_CONVERSION = YES;
				CLANG_WARN_COMMA = YES;
				CLANG_WARN_CONSTANT_CONVERSION = YES;
				CLANG_WARN_DEPRECATED_OBJC_IMPLEMENTATIONS = YES;
				CLANG_WARN_DIRECT_OBJC_ISA_USAGE = YES_ERROR;
				CLANG_WARN_DOCUMENTATION_COMMENTS = YES;
				CLANG_WARN_EMPTY_BODY = YES;
				CLANG_WARN_ENUM_CONVERSION = YES;
				CLANG_WARN_INFINITE_RECURSION = YES;
				CLANG_WARN_INT_CONVERSION = YES;
				CLANG_WARN_NON_LITERAL_NULL_CONVERSION = YES;
				CLANG_WARN_OBJC_IMPLICIT_RETAIN_SELF = YES;
				CLANG_WARN_OBJC_LITERAL_CONVERSION = YES;
				CLANG_WARN_OBJC_ROOT_CLASS = YES_ERROR;
				CLANG_WARN_QUOTED_INCLUDE_IN_FRAMEWORK_HEADER = YES;
				CLANG_WARN_RANGE_LOOP_ANALYSIS = YES;
				CLANG_WARN_STRICT_PROTOTYPES = YES;
				CLANG_WARN_SUSPICIOUS_MOVE = YES;
				CLANG_WARN_UNGUARDED_AVAILABILITY = YES_AGGRESSIVE;
				CLANG_WARN_UNREACHABLE_CODE = YES;
				CLANG_WARN__DUPLICATE_METHOD_MATCH = YES;
				COPY_PHASE_STRIP = NO;
				DEBUG_INFORMATION_FORMAT = "dwarf-with-dsym";
				ENABLE_NS_ASSERTIONS = NO;
				ENABLE_STRICT_OBJC_MSGSEND = YES;
				GCC_C_LANGUAGE_STANDARD = gnu11;
				GCC_NO_COMMON_BLOCKS = YES;
				GCC_WARN_64_TO_32_BIT_CONVERSION = YES;
				GCC_WARN_ABOUT_RETURN_TYPE = YES_ERROR;
				GCC_WARN_UNDECLARED_SELECTOR = YES;
				GCC_WARN_UNINITIALIZED_AUTOS = YES_AGGRESSIVE;
				GCC_WARN_UNUSED_FUNCTION = YES;
				GCC_WARN_UNUSED_VARIABLE = YES;
				IPHONEOS_DEPLOYMENT_TARGET = 16.1;
				MTL_ENABLE_DEBUG_INFO = NO;
				MTL_FAST_MATH = YES;
				SDKROOT = iphoneos;
				SWIFT_COMPILATION_MODE = wholemodule;
				SWIFT_OPTIMIZATION_LEVEL = "-O";
				VALIDATE_PRODUCT = YES;
			};
			name = Release;
		};
		40F2B64C291C5B0300D4EB9D /* Debug */ = {
			isa = XCBuildConfiguration;
			buildSettings = {
				ASSETCATALOG_COMPILER_APPICON_NAME = AppIcon;
				ASSETCATALOG_COMPILER_GLOBAL_ACCENT_COLOR_NAME = AccentColor;
				CODE_SIGN_STYLE = Automatic;
				CURRENT_PROJECT_VERSION = 1;
				DEVELOPMENT_ASSET_PATHS = "\"scrumdinger/Preview Content\"";
				ENABLE_PREVIEWS = YES;
				GENERATE_INFOPLIST_FILE = YES;
				INFOPLIST_KEY_UIApplicationSceneManifest_Generation = YES;
				INFOPLIST_KEY_UIApplicationSupportsIndirectInputEvents = YES;
				INFOPLIST_KEY_UILaunchScreen_Generation = YES;
				INFOPLIST_KEY_UISupportedInterfaceOrientations_iPad = "UIInterfaceOrientationPortrait UIInterfaceOrientationPortraitUpsideDown UIInterfaceOrientationLandscapeLeft UIInterfaceOrientationLandscapeRight";
				INFOPLIST_KEY_UISupportedInterfaceOrientations_iPhone = "UIInterfaceOrientationPortrait UIInterfaceOrientationLandscapeLeft UIInterfaceOrientationLandscapeRight";
				LD_RUNPATH_SEARCH_PATHS = (
					"$(inherited)",
					"@executable_path/Frameworks",
				);
				MARKETING_VERSION = 1.0;
				PRODUCT_BUNDLE_IDENTIFIER = intuitive.scrumdinger;
				PRODUCT_NAME = "$(TARGET_NAME)";
				SWIFT_EMIT_LOC_STRINGS = YES;
				SWIFT_VERSION = 5.0;
				TARGETED_DEVICE_FAMILY = "1,2";
			};
			name = Debug;
		};
		40F2B64D291C5B0300D4EB9D /* Release */ = {
			isa = XCBuildConfiguration;
			buildSettings = {
				ASSETCATALOG_COMPILER_APPICON_NAME = AppIcon;
				ASSETCATALOG_COMPILER_GLOBAL_ACCENT_COLOR_NAME = AccentColor;
				CODE_SIGN_STYLE = Automatic;
				CURRENT_PROJECT_VERSION = 1;
				DEVELOPMENT_ASSET_PATHS = "\"scrumdinger/Preview Content\"";
				ENABLE_PREVIEWS = YES;
				GENERATE_INFOPLIST_FILE = YES;
				INFOPLIST_KEY_UIApplicationSceneManifest_Generation = YES;
				INFOPLIST_KEY_UIApplicationSupportsIndirectInputEvents = YES;
				INFOPLIST_KEY_UILaunchScreen_Generation = YES;
				INFOPLIST_KEY_UISupportedInterfaceOrientations_iPad = "UIInterfaceOrientationPortrait UIInterfaceOrientationPortraitUpsideDown UIInterfaceOrientationLandscapeLeft UIInterfaceOrientationLandscapeRight";
				INFOPLIST_KEY_UISupportedInterfaceOrientations_iPhone = "UIInterfaceOrientationPortrait UIInterfaceOrientationLandscapeLeft UIInterfaceOrientationLandscapeRight";
				LD_RUNPATH_SEARCH_PATHS = (
					"$(inherited)",
					"@executable_path/Frameworks",
				);
				MARKETING_VERSION = 1.0;
				PRODUCT_BUNDLE_IDENTIFIER = intuitive.scrumdinger;
				PRODUCT_NAME = "$(TARGET_NAME)";
				SWIFT_EMIT_LOC_STRINGS = YES;
				SWIFT_VERSION = 5.0;
				TARGETED_DEVICE_FAMILY = "1,2";
			};
			name = Release;
		};
		40F2B64F291C5B0300D4EB9D /* Debug */ = {
			isa = XCBuildConfiguration;
			buildSettings = {
				ALWAYS_EMBED_SWIFT_STANDARD_LIBRARIES = YES;
				BUNDLE_LOADER = "$(TEST_HOST)";
				CODE_SIGN_STYLE = Automatic;
				CURRENT_PROJECT_VERSION = 1;
				GENERATE_INFOPLIST_FILE = YES;
				IPHONEOS_DEPLOYMENT_TARGET = 16.1;
				MARKETING_VERSION = 1.0;
				PRODUCT_BUNDLE_IDENTIFIER = intuitive.scrumdingerTests;
				PRODUCT_NAME = "$(TARGET_NAME)";
				SWIFT_EMIT_LOC_STRINGS = NO;
				SWIFT_VERSION = 5.0;
				TARGETED_DEVICE_FAMILY = "1,2";
				TEST_HOST = "$(BUILT_PRODUCTS_DIR)/scrumdinger.app/$(BUNDLE_EXECUTABLE_FOLDER_PATH)/scrumdinger";
			};
			name = Debug;
		};
		40F2B650291C5B0300D4EB9D /* Release */ = {
			isa = XCBuildConfiguration;
			buildSettings = {
				ALWAYS_EMBED_SWIFT_STANDARD_LIBRARIES = YES;
				BUNDLE_LOADER = "$(TEST_HOST)";
				CODE_SIGN_STYLE = Automatic;
				CURRENT_PROJECT_VERSION = 1;
				GENERATE_INFOPLIST_FILE = YES;
				IPHONEOS_DEPLOYMENT_TARGET = 16.1;
				MARKETING_VERSION = 1.0;
				PRODUCT_BUNDLE_IDENTIFIER = intuitive.scrumdingerTests;
				PRODUCT_NAME = "$(TARGET_NAME)";
				SWIFT_EMIT_LOC_STRINGS = NO;
				SWIFT_VERSION = 5.0;
				TARGETED_DEVICE_FAMILY = "1,2";
				TEST_HOST = "$(BUILT_PRODUCTS_DIR)/scrumdinger.app/$(BUNDLE_EXECUTABLE_FOLDER_PATH)/scrumdinger";
			};
			name = Release;
		};
		40F2B652291C5B0300D4EB9D /* Debug */ = {
			isa = XCBuildConfiguration;
			buildSettings = {
				ALWAYS_EMBED_SWIFT_STANDARD_LIBRARIES = YES;
				CODE_SIGN_STYLE = Automatic;
				CURRENT_PROJECT_VERSION = 1;
				GENERATE_INFOPLIST_FILE = YES;
				MARKETING_VERSION = 1.0;
				PRODUCT_BUNDLE_IDENTIFIER = intuitive.scrumdingerUITests;
				PRODUCT_NAME = "$(TARGET_NAME)";
				SWIFT_EMIT_LOC_STRINGS = NO;
				SWIFT_VERSION = 5.0;
				TARGETED_DEVICE_FAMILY = "1,2";
				TEST_TARGET_NAME = scrumdinger;
			};
			name = Debug;
		};
		40F2B653291C5B0300D4EB9D /* Release */ = {
			isa = XCBuildConfiguration;
			buildSettings = {
				ALWAYS_EMBED_SWIFT_STANDARD_LIBRARIES = YES;
				CODE_SIGN_STYLE = Automatic;
				CURRENT_PROJECT_VERSION = 1;
				GENERATE_INFOPLIST_FILE = YES;
				MARKETING_VERSION = 1.0;
				PRODUCT_BUNDLE_IDENTIFIER = intuitive.scrumdingerUITests;
				PRODUCT_NAME = "$(TARGET_NAME)";
				SWIFT_EMIT_LOC_STRINGS = NO;
				SWIFT_VERSION = 5.0;
				TARGETED_DEVICE_FAMILY = "1,2";
				TEST_TARGET_NAME = scrumdinger;
			};
			name = Release;
		};
/* End XCBuildConfiguration section */

/* Begin XCConfigurationList section */
		40F2B622291C5B0100D4EB9D /* Build configuration list for PBXProject "scrumdinger" */ = {
			isa = XCConfigurationList;
			buildConfigurations = (
				40F2B649291C5B0300D4EB9D /* Debug */,
				40F2B64A291C5B0300D4EB9D /* Release */,
			);
			defaultConfigurationIsVisible = 0;
			defaultConfigurationName = Release;
		};
		40F2B64B291C5B0300D4EB9D /* Build configuration list for PBXNativeTarget "scrumdinger" */ = {
			isa = XCConfigurationList;
			buildConfigurations = (
				40F2B64C291C5B0300D4EB9D /* Debug */,
				40F2B64D291C5B0300D4EB9D /* Release */,
			);
			defaultConfigurationIsVisible = 0;
			defaultConfigurationName = Release;
		};
		40F2B64E291C5B0300D4EB9D /* Build configuration list for PBXNativeTarget "scrumdingerTests" */ = {
			isa = XCConfigurationList;
			buildConfigurations = (
				40F2B64F291C5B0300D4EB9D /* Debug */,
				40F2B650291C5B0300D4EB9D /* Release */,
			);
			defaultConfigurationIsVisible = 0;
			defaultConfigurationName = Release;
		};
		40F2B651291C5B0300D4EB9D /* Build configuration list for PBXNativeTarget "scrumdingerUITests" */ = {
			isa = XCConfigurationList;
			buildConfigurations = (
				40F2B652291C5B0300D4EB9D /* Debug */,
				40F2B653291C5B0300D4EB9D /* Release */,
			);
			defaultConfigurationIsVisible = 0;
			defaultConfigurationName = Release;
		};
/* End XCConfigurationList section */
	};
	rootObject = 40F2B61F291C5B0100D4EB9D /* Project object */;
}
